// !$*UTF8*$!
{
	archiveVersion = 1;
	classes = {
	};
	objectVersion = 51;
	objects = {

/* Begin PBXBuildFile section */
		0EBD7A5D24AAD28900282779 /* AppDelegate.swift in Sources */ = {isa = PBXBuildFile; fileRef = 0EBD7A5C24AAD28900282779 /* AppDelegate.swift */; };
		0EBD7A5F24AAD28900282779 /* SceneDelegate.swift in Sources */ = {isa = PBXBuildFile; fileRef = 0EBD7A5E24AAD28900282779 /* SceneDelegate.swift */; };
		0EBD7A6624AAD28F00282779 /* Assets.xcassets in Resources */ = {isa = PBXBuildFile; fileRef = 0EBD7A6524AAD28F00282779 /* Assets.xcassets */; };
		1B935970F040B2AD743A5037 /* Pods_FinalProjectAnhPham.framework in Frameworks */ = {isa = PBXBuildFile; fileRef = 5A9F3247E027ABBD46F392F2 /* Pods_FinalProjectAnhPham.framework */; };
		F2322DBC24C1B6060045F484 /* OtherDrinkCell.swift in Sources */ = {isa = PBXBuildFile; fileRef = F2322DBA24C1B6060045F484 /* OtherDrinkCell.swift */; };
		F2322DBD24C1B6060045F484 /* OtherDrinkCell.xib in Resources */ = {isa = PBXBuildFile; fileRef = F2322DBB24C1B6060045F484 /* OtherDrinkCell.xib */; };
		F263805124B3278200895D0A /* SearchViewController.swift in Sources */ = {isa = PBXBuildFile; fileRef = F263804F24B3278200895D0A /* SearchViewController.swift */; };
		F263805224B3278200895D0A /* SearchViewController.xib in Resources */ = {isa = PBXBuildFile; fileRef = F263805024B3278200895D0A /* SearchViewController.xib */; };
		F263805524B3279000895D0A /* FavoriteViewController.swift in Sources */ = {isa = PBXBuildFile; fileRef = F263805324B3279000895D0A /* FavoriteViewController.swift */; };
		F263805624B3279000895D0A /* FavoriteViewController.xib in Resources */ = {isa = PBXBuildFile; fileRef = F263805424B3279000895D0A /* FavoriteViewController.xib */; };
		F263960D24AAE1E300C70BF0 /* HomeViewController.swift in Sources */ = {isa = PBXBuildFile; fileRef = F263960B24AAE1E300C70BF0 /* HomeViewController.swift */; };
		F263960E24AAE1E300C70BF0 /* HomeViewController.xib in Resources */ = {isa = PBXBuildFile; fileRef = F263960C24AAE1E300C70BF0 /* HomeViewController.xib */; };
		F27345B024BBFF7700C2B198 /* FavoriteViewModel.swift in Sources */ = {isa = PBXBuildFile; fileRef = F27345AF24BBFF7700C2B198 /* FavoriteViewModel.swift */; };
		F279230424AC73FE0092C0DE /* BaseViewController.swift in Sources */ = {isa = PBXBuildFile; fileRef = F279230224AC73FE0092C0DE /* BaseViewController.swift */; };
		F279230524AC73FE0092C0DE /* BaseViewController.xib in Resources */ = {isa = PBXBuildFile; fileRef = F279230324AC73FE0092C0DE /* BaseViewController.xib */; };
		F279230724ADBD570092C0DE /* Router.swift in Sources */ = {isa = PBXBuildFile; fileRef = F279230624ADBD570092C0DE /* Router.swift */; };
		F281B03A24AAFE78003FEBD1 /* DrinkTableViewCell.swift in Sources */ = {isa = PBXBuildFile; fileRef = F281B03824AAFE78003FEBD1 /* DrinkTableViewCell.swift */; };
		F281B03B24AAFE78003FEBD1 /* DrinkTableViewCell.xib in Resources */ = {isa = PBXBuildFile; fileRef = F281B03924AAFE78003FEBD1 /* DrinkTableViewCell.xib */; };
		F281B03E24AB16DA003FEBD1 /* Drink.swift in Sources */ = {isa = PBXBuildFile; fileRef = F281B03D24AB16DA003FEBD1 /* Drink.swift */; };
		F281B04024AB1710003FEBD1 /* HomeViewModel.swift in Sources */ = {isa = PBXBuildFile; fileRef = F281B03F24AB1710003FEBD1 /* HomeViewModel.swift */; };
		F281B06024AB4D35003FEBD1 /* TagCollectionViewCell.swift in Sources */ = {isa = PBXBuildFile; fileRef = F281B05E24AB4D35003FEBD1 /* TagCollectionViewCell.swift */; };
		F281B06124AB4D35003FEBD1 /* TagCollectionViewCell.xib in Resources */ = {isa = PBXBuildFile; fileRef = F281B05F24AB4D35003FEBD1 /* TagCollectionViewCell.xib */; };
		F281B06524AB54AD003FEBD1 /* DrinkCollectionViewCell.swift in Sources */ = {isa = PBXBuildFile; fileRef = F281B06324AB54AD003FEBD1 /* DrinkCollectionViewCell.swift */; };
		F281B06624AB54AD003FEBD1 /* DrinkCollectionViewCell.xib in Resources */ = {isa = PBXBuildFile; fileRef = F281B06424AB54AD003FEBD1 /* DrinkCollectionViewCell.xib */; };
		F281B06824AB558D003FEBD1 /* TagGroup.swift in Sources */ = {isa = PBXBuildFile; fileRef = F281B06724AB558D003FEBD1 /* TagGroup.swift */; };
		F281B06A24AB55C1003FEBD1 /* TagCellViewModel.swift in Sources */ = {isa = PBXBuildFile; fileRef = F281B06924AB55C1003FEBD1 /* TagCellViewModel.swift */; };
		F281B06C24AB5637003FEBD1 /* DrinkCellViewModel.swift in Sources */ = {isa = PBXBuildFile; fileRef = F281B06B24AB5637003FEBD1 /* DrinkCellViewModel.swift */; };
		F281B07324AC2B20003FEBD1 /* DataExt.swift in Sources */ = {isa = PBXBuildFile; fileRef = F281B07224AC2B20003FEBD1 /* DataExt.swift */; };
		F281B07524AC31C2003FEBD1 /* Networking.swift in Sources */ = {isa = PBXBuildFile; fileRef = F281B07424AC31C2003FEBD1 /* Networking.swift */; };
		F284148124C15EE5007B790D /* DetailDrinkViewModel.swift in Sources */ = {isa = PBXBuildFile; fileRef = F284147724C15EE5007B790D /* DetailDrinkViewModel.swift */; };
		F284148224C15EE5007B790D /* InstructionCell.xib in Resources */ = {isa = PBXBuildFile; fileRef = F284147924C15EE5007B790D /* InstructionCell.xib */; };
		F284148324C15EE5007B790D /* InstructionViewModel.swift in Sources */ = {isa = PBXBuildFile; fileRef = F284147A24C15EE5007B790D /* InstructionViewModel.swift */; };
		F284148424C15EE5007B790D /* MaterialCell.swift in Sources */ = {isa = PBXBuildFile; fileRef = F284147C24C15EE5007B790D /* MaterialCell.swift */; };
		F284148524C15EE5007B790D /* MaterialViewModel.swift in Sources */ = {isa = PBXBuildFile; fileRef = F284147D24C15EE5007B790D /* MaterialViewModel.swift */; };
		F284148624C15EE5007B790D /* MaterialCell.xib in Resources */ = {isa = PBXBuildFile; fileRef = F284147E24C15EE5007B790D /* MaterialCell.xib */; };
		F284148724C15EE5007B790D /* DetailDrinkViewController.xib in Resources */ = {isa = PBXBuildFile; fileRef = F284147F24C15EE5007B790D /* DetailDrinkViewController.xib */; };
		F284148824C15EE5007B790D /* DetailDrinkViewController.swift in Sources */ = {isa = PBXBuildFile; fileRef = F284148024C15EE5007B790D /* DetailDrinkViewController.swift */; };
		F29A584424BF1D200032BE48 /* FavoriteCell.swift in Sources */ = {isa = PBXBuildFile; fileRef = F29A584224BF1D200032BE48 /* FavoriteCell.swift */; };
		F29A584524BF1D200032BE48 /* FavoriteCell.xib in Resources */ = {isa = PBXBuildFile; fileRef = F29A584324BF1D200032BE48 /* FavoriteCell.xib */; };
		F29A584924BF1E050032BE48 /* FavoriteCellViewModel.swift in Sources */ = {isa = PBXBuildFile; fileRef = F29A584824BF1E050032BE48 /* FavoriteCellViewModel.swift */; };
		F29A584F24C009CD0032BE48 /* SearchViewModel.swift in Sources */ = {isa = PBXBuildFile; fileRef = F29A584E24C009CD0032BE48 /* SearchViewModel.swift */; };
		F29A585324C011520032BE48 /* SearchCell.swift in Sources */ = {isa = PBXBuildFile; fileRef = F29A585124C011520032BE48 /* SearchCell.swift */; };
		F29A585424C011520032BE48 /* SearchCell.xib in Resources */ = {isa = PBXBuildFile; fileRef = F29A585224C011520032BE48 /* SearchCell.xib */; };
		F29A585624C011660032BE48 /* SearchCellViewModel.swift in Sources */ = {isa = PBXBuildFile; fileRef = F29A585524C011660032BE48 /* SearchCellViewModel.swift */; };
		F2A4FA3224C55316007AE8F1 /* InstructionCell.swift in Sources */ = {isa = PBXBuildFile; fileRef = F2A4FA3124C55316007AE8F1 /* InstructionCell.swift */; };
		F2A4FA3624C57089007AE8F1 /* OtherDrinkCollectionCell.swift in Sources */ = {isa = PBXBuildFile; fileRef = F2A4FA3424C57089007AE8F1 /* OtherDrinkCollectionCell.swift */; };
		F2A4FA3724C57089007AE8F1 /* OtherDrinkCollectionCell.xib in Resources */ = {isa = PBXBuildFile; fileRef = F2A4FA3524C57089007AE8F1 /* OtherDrinkCollectionCell.xib */; };
		F2A4FA3924C570A0007AE8F1 /* OtherDrinkCollectionCellViewModel.swift in Sources */ = {isa = PBXBuildFile; fileRef = F2A4FA3824C570A0007AE8F1 /* OtherDrinkCollectionCellViewModel.swift */; };
		F2A4FA3B24C570DC007AE8F1 /* OtherDrinkViewModel.swift in Sources */ = {isa = PBXBuildFile; fileRef = F2A4FA3A24C570DC007AE8F1 /* OtherDrinkViewModel.swift */; };
		F2C4E13D24B0250100B00814 /* SideMenuViewModel.swift in Sources */ = {isa = PBXBuildFile; fileRef = F2C4E13C24B0250100B00814 /* SideMenuViewModel.swift */; };
		F2C4E13F24B0258400B00814 /* SideMenuCellViewModel.swift in Sources */ = {isa = PBXBuildFile; fileRef = F2C4E13E24B0258400B00814 /* SideMenuCellViewModel.swift */; };
		F2C4E14224B02D0500B00814 /* SideMenuCell.swift in Sources */ = {isa = PBXBuildFile; fileRef = F2C4E14024B02D0500B00814 /* SideMenuCell.swift */; };
		F2C4E14324B02D0500B00814 /* SideMenuCell.xib in Resources */ = {isa = PBXBuildFile; fileRef = F2C4E14124B02D0500B00814 /* SideMenuCell.xib */; };
		F2C4E14524B0625B00B00814 /* UIImageViewExt.swift in Sources */ = {isa = PBXBuildFile; fileRef = F2C4E14424B0625B00B00814 /* UIImageViewExt.swift */; };
		F2F3286724AED61200B8D048 /* SideMenuViewController.swift in Sources */ = {isa = PBXBuildFile; fileRef = F2F3286524AED61200B8D048 /* SideMenuViewController.swift */; };
		F2F3286824AED61200B8D048 /* SideMenuViewController.xib in Resources */ = {isa = PBXBuildFile; fileRef = F2F3286624AED61200B8D048 /* SideMenuViewController.xib */; };
/* End PBXBuildFile section */

/* Begin PBXFileReference section */
		0EBD7A5924AAD28900282779 /* FinalProjectAnhPham.app */ = {isa = PBXFileReference; explicitFileType = wrapper.application; includeInIndex = 0; path = FinalProjectAnhPham.app; sourceTree = BUILT_PRODUCTS_DIR; };
		0EBD7A5C24AAD28900282779 /* AppDelegate.swift */ = {isa = PBXFileReference; lastKnownFileType = sourcecode.swift; path = AppDelegate.swift; sourceTree = "<group>"; };
		0EBD7A5E24AAD28900282779 /* SceneDelegate.swift */ = {isa = PBXFileReference; lastKnownFileType = sourcecode.swift; path = SceneDelegate.swift; sourceTree = "<group>"; };
		0EBD7A6524AAD28F00282779 /* Assets.xcassets */ = {isa = PBXFileReference; lastKnownFileType = folder.assetcatalog; path = Assets.xcassets; sourceTree = "<group>"; };
		0EBD7A6A24AAD28F00282779 /* Info.plist */ = {isa = PBXFileReference; lastKnownFileType = text.plist.xml; path = Info.plist; sourceTree = "<group>"; };
		5A9F3247E027ABBD46F392F2 /* Pods_FinalProjectAnhPham.framework */ = {isa = PBXFileReference; explicitFileType = wrapper.framework; includeInIndex = 0; path = Pods_FinalProjectAnhPham.framework; sourceTree = BUILT_PRODUCTS_DIR; };
		73443E3DFCEE58258550AB65 /* Pods-FinalProjectAnhPham.release.xcconfig */ = {isa = PBXFileReference; includeInIndex = 1; lastKnownFileType = text.xcconfig; name = "Pods-FinalProjectAnhPham.release.xcconfig"; path = "Target Support Files/Pods-FinalProjectAnhPham/Pods-FinalProjectAnhPham.release.xcconfig"; sourceTree = "<group>"; };
		DDF28AC0A604F99D3BB80446 /* Pods-FinalProjectAnhPham.debug.xcconfig */ = {isa = PBXFileReference; includeInIndex = 1; lastKnownFileType = text.xcconfig; name = "Pods-FinalProjectAnhPham.debug.xcconfig"; path = "Target Support Files/Pods-FinalProjectAnhPham/Pods-FinalProjectAnhPham.debug.xcconfig"; sourceTree = "<group>"; };
		F2322DBA24C1B6060045F484 /* OtherDrinkCell.swift */ = {isa = PBXFileReference; lastKnownFileType = sourcecode.swift; path = OtherDrinkCell.swift; sourceTree = "<group>"; };
		F2322DBB24C1B6060045F484 /* OtherDrinkCell.xib */ = {isa = PBXFileReference; lastKnownFileType = file.xib; path = OtherDrinkCell.xib; sourceTree = "<group>"; };
		F263804F24B3278200895D0A /* SearchViewController.swift */ = {isa = PBXFileReference; lastKnownFileType = sourcecode.swift; path = SearchViewController.swift; sourceTree = "<group>"; };
		F263805024B3278200895D0A /* SearchViewController.xib */ = {isa = PBXFileReference; lastKnownFileType = file.xib; path = SearchViewController.xib; sourceTree = "<group>"; };
		F263805324B3279000895D0A /* FavoriteViewController.swift */ = {isa = PBXFileReference; lastKnownFileType = sourcecode.swift; path = FavoriteViewController.swift; sourceTree = "<group>"; };
		F263805424B3279000895D0A /* FavoriteViewController.xib */ = {isa = PBXFileReference; lastKnownFileType = file.xib; path = FavoriteViewController.xib; sourceTree = "<group>"; };
		F263960B24AAE1E300C70BF0 /* HomeViewController.swift */ = {isa = PBXFileReference; lastKnownFileType = sourcecode.swift; path = HomeViewController.swift; sourceTree = "<group>"; };
		F263960C24AAE1E300C70BF0 /* HomeViewController.xib */ = {isa = PBXFileReference; lastKnownFileType = file.xib; path = HomeViewController.xib; sourceTree = "<group>"; };
		F27345AF24BBFF7700C2B198 /* FavoriteViewModel.swift */ = {isa = PBXFileReference; lastKnownFileType = sourcecode.swift; path = FavoriteViewModel.swift; sourceTree = "<group>"; };
		F279230224AC73FE0092C0DE /* BaseViewController.swift */ = {isa = PBXFileReference; lastKnownFileType = sourcecode.swift; path = BaseViewController.swift; sourceTree = "<group>"; };
		F279230324AC73FE0092C0DE /* BaseViewController.xib */ = {isa = PBXFileReference; lastKnownFileType = file.xib; path = BaseViewController.xib; sourceTree = "<group>"; };
		F279230624ADBD570092C0DE /* Router.swift */ = {isa = PBXFileReference; lastKnownFileType = sourcecode.swift; path = Router.swift; sourceTree = "<group>"; };
		F281B03824AAFE78003FEBD1 /* DrinkTableViewCell.swift */ = {isa = PBXFileReference; lastKnownFileType = sourcecode.swift; path = DrinkTableViewCell.swift; sourceTree = "<group>"; };
		F281B03924AAFE78003FEBD1 /* DrinkTableViewCell.xib */ = {isa = PBXFileReference; lastKnownFileType = file.xib; path = DrinkTableViewCell.xib; sourceTree = "<group>"; };
		F281B03D24AB16DA003FEBD1 /* Drink.swift */ = {isa = PBXFileReference; lastKnownFileType = sourcecode.swift; path = Drink.swift; sourceTree = "<group>"; };
		F281B03F24AB1710003FEBD1 /* HomeViewModel.swift */ = {isa = PBXFileReference; lastKnownFileType = sourcecode.swift; path = HomeViewModel.swift; sourceTree = "<group>"; };
		F281B05E24AB4D35003FEBD1 /* TagCollectionViewCell.swift */ = {isa = PBXFileReference; lastKnownFileType = sourcecode.swift; path = TagCollectionViewCell.swift; sourceTree = "<group>"; };
		F281B05F24AB4D35003FEBD1 /* TagCollectionViewCell.xib */ = {isa = PBXFileReference; lastKnownFileType = file.xib; path = TagCollectionViewCell.xib; sourceTree = "<group>"; };
		F281B06324AB54AD003FEBD1 /* DrinkCollectionViewCell.swift */ = {isa = PBXFileReference; lastKnownFileType = sourcecode.swift; path = DrinkCollectionViewCell.swift; sourceTree = "<group>"; };
		F281B06424AB54AD003FEBD1 /* DrinkCollectionViewCell.xib */ = {isa = PBXFileReference; lastKnownFileType = file.xib; path = DrinkCollectionViewCell.xib; sourceTree = "<group>"; };
		F281B06724AB558D003FEBD1 /* TagGroup.swift */ = {isa = PBXFileReference; lastKnownFileType = sourcecode.swift; path = TagGroup.swift; sourceTree = "<group>"; };
		F281B06924AB55C1003FEBD1 /* TagCellViewModel.swift */ = {isa = PBXFileReference; lastKnownFileType = sourcecode.swift; path = TagCellViewModel.swift; sourceTree = "<group>"; };
		F281B06B24AB5637003FEBD1 /* DrinkCellViewModel.swift */ = {isa = PBXFileReference; lastKnownFileType = sourcecode.swift; path = DrinkCellViewModel.swift; sourceTree = "<group>"; };
		F281B07224AC2B20003FEBD1 /* DataExt.swift */ = {isa = PBXFileReference; lastKnownFileType = sourcecode.swift; path = DataExt.swift; sourceTree = "<group>"; };
		F281B07424AC31C2003FEBD1 /* Networking.swift */ = {isa = PBXFileReference; lastKnownFileType = sourcecode.swift; path = Networking.swift; sourceTree = "<group>"; };
		F284147724C15EE5007B790D /* DetailDrinkViewModel.swift */ = {isa = PBXFileReference; fileEncoding = 4; lastKnownFileType = sourcecode.swift; path = DetailDrinkViewModel.swift; sourceTree = "<group>"; };
		F284147924C15EE5007B790D /* InstructionCell.xib */ = {isa = PBXFileReference; fileEncoding = 4; lastKnownFileType = file.xib; path = InstructionCell.xib; sourceTree = "<group>"; };
		F284147A24C15EE5007B790D /* InstructionViewModel.swift */ = {isa = PBXFileReference; fileEncoding = 4; lastKnownFileType = sourcecode.swift; path = InstructionViewModel.swift; sourceTree = "<group>"; };
		F284147C24C15EE5007B790D /* MaterialCell.swift */ = {isa = PBXFileReference; fileEncoding = 4; lastKnownFileType = sourcecode.swift; path = MaterialCell.swift; sourceTree = "<group>"; };
		F284147D24C15EE5007B790D /* MaterialViewModel.swift */ = {isa = PBXFileReference; fileEncoding = 4; lastKnownFileType = sourcecode.swift; path = MaterialViewModel.swift; sourceTree = "<group>"; };
		F284147E24C15EE5007B790D /* MaterialCell.xib */ = {isa = PBXFileReference; fileEncoding = 4; lastKnownFileType = file.xib; path = MaterialCell.xib; sourceTree = "<group>"; };
		F284147F24C15EE5007B790D /* DetailDrinkViewController.xib */ = {isa = PBXFileReference; fileEncoding = 4; lastKnownFileType = file.xib; path = DetailDrinkViewController.xib; sourceTree = "<group>"; };
		F284148024C15EE5007B790D /* DetailDrinkViewController.swift */ = {isa = PBXFileReference; fileEncoding = 4; lastKnownFileType = sourcecode.swift; path = DetailDrinkViewController.swift; sourceTree = "<group>"; };
		F29A584224BF1D200032BE48 /* FavoriteCell.swift */ = {isa = PBXFileReference; lastKnownFileType = sourcecode.swift; path = FavoriteCell.swift; sourceTree = "<group>"; };
		F29A584324BF1D200032BE48 /* FavoriteCell.xib */ = {isa = PBXFileReference; lastKnownFileType = file.xib; path = FavoriteCell.xib; sourceTree = "<group>"; };
		F29A584824BF1E050032BE48 /* FavoriteCellViewModel.swift */ = {isa = PBXFileReference; lastKnownFileType = sourcecode.swift; path = FavoriteCellViewModel.swift; sourceTree = "<group>"; };
		F29A584E24C009CD0032BE48 /* SearchViewModel.swift */ = {isa = PBXFileReference; lastKnownFileType = sourcecode.swift; path = SearchViewModel.swift; sourceTree = "<group>"; };
		F29A585124C011520032BE48 /* SearchCell.swift */ = {isa = PBXFileReference; lastKnownFileType = sourcecode.swift; path = SearchCell.swift; sourceTree = "<group>"; };
		F29A585224C011520032BE48 /* SearchCell.xib */ = {isa = PBXFileReference; lastKnownFileType = file.xib; path = SearchCell.xib; sourceTree = "<group>"; };
		F29A585524C011660032BE48 /* SearchCellViewModel.swift */ = {isa = PBXFileReference; lastKnownFileType = sourcecode.swift; path = SearchCellViewModel.swift; sourceTree = "<group>"; };
		F2A4FA3124C55316007AE8F1 /* InstructionCell.swift */ = {isa = PBXFileReference; fileEncoding = 4; lastKnownFileType = sourcecode.swift; path = InstructionCell.swift; sourceTree = "<group>"; };
		F2A4FA3424C57089007AE8F1 /* OtherDrinkCollectionCell.swift */ = {isa = PBXFileReference; lastKnownFileType = sourcecode.swift; path = OtherDrinkCollectionCell.swift; sourceTree = "<group>"; };
		F2A4FA3524C57089007AE8F1 /* OtherDrinkCollectionCell.xib */ = {isa = PBXFileReference; lastKnownFileType = file.xib; path = OtherDrinkCollectionCell.xib; sourceTree = "<group>"; };
		F2A4FA3824C570A0007AE8F1 /* OtherDrinkCollectionCellViewModel.swift */ = {isa = PBXFileReference; lastKnownFileType = sourcecode.swift; path = OtherDrinkCollectionCellViewModel.swift; sourceTree = "<group>"; };
		F2A4FA3A24C570DC007AE8F1 /* OtherDrinkViewModel.swift */ = {isa = PBXFileReference; lastKnownFileType = sourcecode.swift; path = OtherDrinkViewModel.swift; sourceTree = "<group>"; };
		F2C4E13C24B0250100B00814 /* SideMenuViewModel.swift */ = {isa = PBXFileReference; lastKnownFileType = sourcecode.swift; path = SideMenuViewModel.swift; sourceTree = "<group>"; };
		F2C4E13E24B0258400B00814 /* SideMenuCellViewModel.swift */ = {isa = PBXFileReference; lastKnownFileType = sourcecode.swift; path = SideMenuCellViewModel.swift; sourceTree = "<group>"; };
		F2C4E14024B02D0500B00814 /* SideMenuCell.swift */ = {isa = PBXFileReference; lastKnownFileType = sourcecode.swift; path = SideMenuCell.swift; sourceTree = "<group>"; };
		F2C4E14124B02D0500B00814 /* SideMenuCell.xib */ = {isa = PBXFileReference; lastKnownFileType = file.xib; path = SideMenuCell.xib; sourceTree = "<group>"; };
		F2C4E14424B0625B00B00814 /* UIImageViewExt.swift */ = {isa = PBXFileReference; lastKnownFileType = sourcecode.swift; path = UIImageViewExt.swift; sourceTree = "<group>"; };
		F2F3286524AED61200B8D048 /* SideMenuViewController.swift */ = {isa = PBXFileReference; lastKnownFileType = sourcecode.swift; path = SideMenuViewController.swift; sourceTree = "<group>"; };
		F2F3286624AED61200B8D048 /* SideMenuViewController.xib */ = {isa = PBXFileReference; lastKnownFileType = file.xib; path = SideMenuViewController.xib; sourceTree = "<group>"; };
/* End PBXFileReference section */

/* Begin PBXFrameworksBuildPhase section */
		0EBD7A5624AAD28900282779 /* Frameworks */ = {
			isa = PBXFrameworksBuildPhase;
			buildActionMask = 2147483647;
			files = (
				1B935970F040B2AD743A5037 /* Pods_FinalProjectAnhPham.framework in Frameworks */,
			);
			runOnlyForDeploymentPostprocessing = 0;
		};
/* End PBXFrameworksBuildPhase section */

/* Begin PBXGroup section */
		0EBD7A5024AAD28900282779 = {
			isa = PBXGroup;
			children = (
				0EBD7A5B24AAD28900282779 /* FinalProjectAnhPham */,
				0EBD7A5A24AAD28900282779 /* Products */,
				89D653BDB9C01FD610A028AA /* Pods */,
				D48C73DCD937267A10C7273F /* Frameworks */,
			);
			sourceTree = "<group>";
		};
		0EBD7A5A24AAD28900282779 /* Products */ = {
			isa = PBXGroup;
			children = (
				0EBD7A5924AAD28900282779 /* FinalProjectAnhPham.app */,
			);
			name = Products;
			sourceTree = "<group>";
		};
		0EBD7A5B24AAD28900282779 /* FinalProjectAnhPham */ = {
			isa = PBXGroup;
			children = (
				0EBD7A6A24AAD28F00282779 /* Info.plist */,
				F263960924AAE0BA00C70BF0 /* Controller */,
				F281B06D24AC2938003FEBD1 /* Library */,
				F281B03C24AB15DB003FEBD1 /* Model */,
				F279230824ADC9C00092C0DE /* Resource */,
				F279230924ADC9CF0092C0DE /* Root */,
			);
			path = FinalProjectAnhPham;
			sourceTree = "<group>";
		};
		89D653BDB9C01FD610A028AA /* Pods */ = {
			isa = PBXGroup;
			children = (
				DDF28AC0A604F99D3BB80446 /* Pods-FinalProjectAnhPham.debug.xcconfig */,
				73443E3DFCEE58258550AB65 /* Pods-FinalProjectAnhPham.release.xcconfig */,
			);
			path = Pods;
			sourceTree = "<group>";
		};
		D48C73DCD937267A10C7273F /* Frameworks */ = {
			isa = PBXGroup;
			children = (
				5A9F3247E027ABBD46F392F2 /* Pods_FinalProjectAnhPham.framework */,
			);
			name = Frameworks;
			sourceTree = "<group>";
		};
		F2322DB824C1B44B0045F484 /* Instruction */ = {
			isa = PBXGroup;
			children = (
				F2A4FA3124C55316007AE8F1 /* InstructionCell.swift */,
				F284147924C15EE5007B790D /* InstructionCell.xib */,
				F284147A24C15EE5007B790D /* InstructionViewModel.swift */,
			);
			path = Instruction;
			sourceTree = "<group>";
		};
		F2322DB924C1B4600045F484 /* OtherDrink */ = {
			isa = PBXGroup;
			children = (
				F2A4FA3324C57068007AE8F1 /* Cell */,
				F2322DBA24C1B6060045F484 /* OtherDrinkCell.swift */,
				F2322DBB24C1B6060045F484 /* OtherDrinkCell.xib */,
				F2A4FA3A24C570DC007AE8F1 /* OtherDrinkViewModel.swift */,
			);
			path = OtherDrink;
			sourceTree = "<group>";
		};
		F263804D24B3276700895D0A /* Favorite */ = {
			isa = PBXGroup;
			children = (
				F29A584124BF1CFF0032BE48 /* Cell */,
				F263805324B3279000895D0A /* FavoriteViewController.swift */,
				F263805424B3279000895D0A /* FavoriteViewController.xib */,
				F27345AF24BBFF7700C2B198 /* FavoriteViewModel.swift */,
			);
			path = Favorite;
			sourceTree = "<group>";
		};
		F263804E24B3277200895D0A /* Search */ = {
			isa = PBXGroup;
			children = (
				F29A585024C011230032BE48 /* Cell */,
				F263804F24B3278200895D0A /* SearchViewController.swift */,
				F263805024B3278200895D0A /* SearchViewController.xib */,
				F29A584E24C009CD0032BE48 /* SearchViewModel.swift */,
			);
			path = Search;
			sourceTree = "<group>";
		};
		F263960924AAE0BA00C70BF0 /* Controller */ = {
			isa = PBXGroup;
			children = (
				F284147624C15EE5007B790D /* Detail */,
				F263804E24B3277200895D0A /* Search */,
				F263804D24B3276700895D0A /* Favorite */,
				F2F3286424AED5FE00B8D048 /* Side Menu */,
				F279230124AC73D20092C0DE /* Base */,
				F263960A24AAE1CE00C70BF0 /* Home */,
			);
			path = Controller;
			sourceTree = "<group>";
		};
		F263960A24AAE1CE00C70BF0 /* Home */ = {
			isa = PBXGroup;
			children = (
				F26B75D724BC779300CA297F /* Cell */,
				F263960B24AAE1E300C70BF0 /* HomeViewController.swift */,
				F263960C24AAE1E300C70BF0 /* HomeViewController.xib */,
				F281B03F24AB1710003FEBD1 /* HomeViewModel.swift */,
			);
			path = Home;
			sourceTree = "<group>";
		};
		F26B75D724BC779300CA297F /* Cell */ = {
			isa = PBXGroup;
			children = (
				F281B06224AB548E003FEBD1 /* DrinkCollectionViewCell */,
				F281B05124AB3EF3003FEBD1 /* TagCollectionViewCell */,
				F281B03724AAFE56003FEBD1 /* DrinkTableViewCell */,
				F281B06B24AB5637003FEBD1 /* DrinkCellViewModel.swift */,
			);
			path = Cell;
			sourceTree = "<group>";
		};
		F279230124AC73D20092C0DE /* Base */ = {
			isa = PBXGroup;
			children = (
				F279230324AC73FE0092C0DE /* BaseViewController.xib */,
				F279230224AC73FE0092C0DE /* BaseViewController.swift */,
			);
			path = Base;
			sourceTree = "<group>";
		};
		F279230824ADC9C00092C0DE /* Resource */ = {
			isa = PBXGroup;
			children = (
				0EBD7A6524AAD28F00282779 /* Assets.xcassets */,
			);
			path = Resource;
			sourceTree = "<group>";
		};
		F279230924ADC9CF0092C0DE /* Root */ = {
			isa = PBXGroup;
			children = (
				0EBD7A5E24AAD28900282779 /* SceneDelegate.swift */,
				0EBD7A5C24AAD28900282779 /* AppDelegate.swift */,
			);
			path = Root;
			sourceTree = "<group>";
		};
		F281B03724AAFE56003FEBD1 /* DrinkTableViewCell */ = {
			isa = PBXGroup;
			children = (
				F281B03824AAFE78003FEBD1 /* DrinkTableViewCell.swift */,
				F281B06424AB54AD003FEBD1 /* DrinkCollectionViewCell.xib */,
				F281B03924AAFE78003FEBD1 /* DrinkTableViewCell.xib */,
			);
			path = DrinkTableViewCell;
			sourceTree = "<group>";
		};
		F281B03C24AB15DB003FEBD1 /* Model */ = {
			isa = PBXGroup;
			children = (
				F281B07124AC29BC003FEBD1 /* Schema */,
				F281B06F24AC2976003FEBD1 /* API */,
			);
			path = Model;
			sourceTree = "<group>";
		};
		F281B05124AB3EF3003FEBD1 /* TagCollectionViewCell */ = {
			isa = PBXGroup;
			children = (
				F281B05E24AB4D35003FEBD1 /* TagCollectionViewCell.swift */,
				F281B05F24AB4D35003FEBD1 /* TagCollectionViewCell.xib */,
				F281B06924AB55C1003FEBD1 /* TagCellViewModel.swift */,
			);
			path = TagCollectionViewCell;
			sourceTree = "<group>";
		};
		F281B06224AB548E003FEBD1 /* DrinkCollectionViewCell */ = {
			isa = PBXGroup;
			children = (
				F281B06324AB54AD003FEBD1 /* DrinkCollectionViewCell.swift */,
			);
			path = DrinkCollectionViewCell;
			sourceTree = "<group>";
		};
		F281B06D24AC2938003FEBD1 /* Library */ = {
			isa = PBXGroup;
			children = (
				F281B06E24AC2943003FEBD1 /* Ext */,
			);
			path = Library;
			sourceTree = "<group>";
		};
		F281B06E24AC2943003FEBD1 /* Ext */ = {
			isa = PBXGroup;
			children = (
				F281B07224AC2B20003FEBD1 /* DataExt.swift */,
				F2C4E14424B0625B00B00814 /* UIImageViewExt.swift */,
			);
			path = Ext;
			sourceTree = "<group>";
		};
		F281B06F24AC2976003FEBD1 /* API */ = {
			isa = PBXGroup;
			children = (
				F281B07024AC297E003FEBD1 /* Core */,
			);
			path = API;
			sourceTree = "<group>";
		};
		F281B07024AC297E003FEBD1 /* Core */ = {
			isa = PBXGroup;
			children = (
				F281B07424AC31C2003FEBD1 /* Networking.swift */,
				F279230624ADBD570092C0DE /* Router.swift */,
			);
			path = Core;
			sourceTree = "<group>";
		};
		F281B07124AC29BC003FEBD1 /* Schema */ = {
			isa = PBXGroup;
			children = (
				F281B03D24AB16DA003FEBD1 /* Drink.swift */,
				F281B06724AB558D003FEBD1 /* TagGroup.swift */,
			);
			name = Schema;
			sourceTree = "<group>";
		};
		F284147624C15EE5007B790D /* Detail */ = {
			isa = PBXGroup;
			children = (
				F284148024C15EE5007B790D /* DetailDrinkViewController.swift */,
				F284147F24C15EE5007B790D /* DetailDrinkViewController.xib */,
				F284147724C15EE5007B790D /* DetailDrinkViewModel.swift */,
				F284147824C15EE5007B790D /* Cell */,
			);
			path = Detail;
			sourceTree = "<group>";
		};
		F284147824C15EE5007B790D /* Cell */ = {
			isa = PBXGroup;
			children = (
				F2322DB924C1B4600045F484 /* OtherDrink */,
				F2322DB824C1B44B0045F484 /* Instruction */,
				F284147B24C15EE5007B790D /* Material */,
			);
			path = Cell;
			sourceTree = "<group>";
		};
		F284147B24C15EE5007B790D /* Material */ = {
			isa = PBXGroup;
			children = (
				F284147C24C15EE5007B790D /* MaterialCell.swift */,
				F284147E24C15EE5007B790D /* MaterialCell.xib */,
				F284147D24C15EE5007B790D /* MaterialViewModel.swift */,
			);
			path = Material;
			sourceTree = "<group>";
		};
		F29A584124BF1CFF0032BE48 /* Cell */ = {
			isa = PBXGroup;
			children = (
				F29A584224BF1D200032BE48 /* FavoriteCell.swift */,
				F29A584324BF1D200032BE48 /* FavoriteCell.xib */,
				F29A584824BF1E050032BE48 /* FavoriteCellViewModel.swift */,
			);
			path = Cell;
			sourceTree = "<group>";
		};
		F29A585024C011230032BE48 /* Cell */ = {
			isa = PBXGroup;
			children = (
				F29A585124C011520032BE48 /* SearchCell.swift */,
				F29A585224C011520032BE48 /* SearchCell.xib */,
				F29A585524C011660032BE48 /* SearchCellViewModel.swift */,
			);
			path = Cell;
			sourceTree = "<group>";
		};
		F2A4FA3324C57068007AE8F1 /* Cell */ = {
			isa = PBXGroup;
			children = (
				F2A4FA3424C57089007AE8F1 /* OtherDrinkCollectionCell.swift */,
				F2A4FA3524C57089007AE8F1 /* OtherDrinkCollectionCell.xib */,
				F2A4FA3824C570A0007AE8F1 /* OtherDrinkCollectionCellViewModel.swift */,
			);
			path = Cell;
			sourceTree = "<group>";
		};
		F2C4E13B24B0210B00B00814 /* SideMenuCell */ = {
			isa = PBXGroup;
			children = (
				F2C4E14024B02D0500B00814 /* SideMenuCell.swift */,
				F2C4E14124B02D0500B00814 /* SideMenuCell.xib */,
				F2C4E13E24B0258400B00814 /* SideMenuCellViewModel.swift */,
			);
			path = SideMenuCell;
			sourceTree = "<group>";
		};
		F2F3286424AED5FE00B8D048 /* Side Menu */ = {
			isa = PBXGroup;
			children = (
				F2C4E13B24B0210B00B00814 /* SideMenuCell */,
				F2F3286524AED61200B8D048 /* SideMenuViewController.swift */,
				F2F3286624AED61200B8D048 /* SideMenuViewController.xib */,
				F2C4E13C24B0250100B00814 /* SideMenuViewModel.swift */,
			);
			path = "Side Menu";
			sourceTree = "<group>";
		};
/* End PBXGroup section */

/* Begin PBXNativeTarget section */
		0EBD7A5824AAD28900282779 /* FinalProjectAnhPham */ = {
			isa = PBXNativeTarget;
			buildConfigurationList = 0EBD7A6D24AAD28F00282779 /* Build configuration list for PBXNativeTarget "FinalProjectAnhPham" */;
			buildPhases = (
				1292FC9EBD028344929F1F68 /* [CP] Check Pods Manifest.lock */,
				0EBD7A7024AAD36C00282779 /* Swiftlint */,
				0EBD7A5524AAD28900282779 /* Sources */,
				0EBD7A5624AAD28900282779 /* Frameworks */,
				0EBD7A5724AAD28900282779 /* Resources */,
				E26C8B07A1EEBC32B8618754 /* [CP] Embed Pods Frameworks */,
			);
			buildRules = (
			);
			dependencies = (
			);
			name = FinalProjectAnhPham;
			productName = FinalProjectAnhPham;
			productReference = 0EBD7A5924AAD28900282779 /* FinalProjectAnhPham.app */;
			productType = "com.apple.product-type.application";
		};
/* End PBXNativeTarget section */

/* Begin PBXProject section */
		0EBD7A5124AAD28900282779 /* Project object */ = {
			isa = PBXProject;
			attributes = {
				LastSwiftUpdateCheck = 1150;
				LastUpgradeCheck = 1150;
				ORGANIZATIONNAME = "Asian Tech Co., Ltd";
				TargetAttributes = {
					0EBD7A5824AAD28900282779 = {
						CreatedOnToolsVersion = 11.5;
					};
				};
			};
			buildConfigurationList = 0EBD7A5424AAD28900282779 /* Build configuration list for PBXProject "FinalProjectAnhPham" */;
			compatibilityVersion = "Xcode 9.3";
			developmentRegion = en;
			hasScannedForEncodings = 0;
			knownRegions = (
				en,
				Base,
			);
			mainGroup = 0EBD7A5024AAD28900282779;
			productRefGroup = 0EBD7A5A24AAD28900282779 /* Products */;
			projectDirPath = "";
			projectRoot = "";
			targets = (
				0EBD7A5824AAD28900282779 /* FinalProjectAnhPham */,
			);
		};
/* End PBXProject section */

/* Begin PBXResourcesBuildPhase section */
		0EBD7A5724AAD28900282779 /* Resources */ = {
			isa = PBXResourcesBuildPhase;
			buildActionMask = 2147483647;
			files = (
				0EBD7A6624AAD28F00282779 /* Assets.xcassets in Resources */,
				F2A4FA3724C57089007AE8F1 /* OtherDrinkCollectionCell.xib in Resources */,
				F281B06124AB4D35003FEBD1 /* TagCollectionViewCell.xib in Resources */,
				F281B03B24AAFE78003FEBD1 /* DrinkTableViewCell.xib in Resources */,
				F2C4E14324B02D0500B00814 /* SideMenuCell.xib in Resources */,
				F2F3286824AED61200B8D048 /* SideMenuViewController.xib in Resources */,
				F29A584524BF1D200032BE48 /* FavoriteCell.xib in Resources */,
				F284148724C15EE5007B790D /* DetailDrinkViewController.xib in Resources */,
				F284148624C15EE5007B790D /* MaterialCell.xib in Resources */,
				F279230524AC73FE0092C0DE /* BaseViewController.xib in Resources */,
				F263805624B3279000895D0A /* FavoriteViewController.xib in Resources */,
				F281B06624AB54AD003FEBD1 /* DrinkCollectionViewCell.xib in Resources */,
				F263805224B3278200895D0A /* SearchViewController.xib in Resources */,
				F29A585424C011520032BE48 /* SearchCell.xib in Resources */,
				F2322DBD24C1B6060045F484 /* OtherDrinkCell.xib in Resources */,
				F284148224C15EE5007B790D /* InstructionCell.xib in Resources */,
				F263960E24AAE1E300C70BF0 /* HomeViewController.xib in Resources */,
			);
			runOnlyForDeploymentPostprocessing = 0;
		};
/* End PBXResourcesBuildPhase section */

/* Begin PBXShellScriptBuildPhase section */
		0EBD7A7024AAD36C00282779 /* Swiftlint */ = {
			isa = PBXShellScriptBuildPhase;
			buildActionMask = 2147483647;
			files = (
			);
			inputFileListPaths = (
			);
			inputPaths = (
			);
			name = Swiftlint;
			outputFileListPaths = (
			);
			outputPaths = (
			);
			runOnlyForDeploymentPostprocessing = 0;
			shellPath = /bin/sh;
			shellScript = "\"${PODS_ROOT}/SwiftLint/swiftlint\"\n";
		};
		1292FC9EBD028344929F1F68 /* [CP] Check Pods Manifest.lock */ = {
			isa = PBXShellScriptBuildPhase;
			buildActionMask = 2147483647;
			files = (
			);
			inputFileListPaths = (
			);
			inputPaths = (
				"${PODS_PODFILE_DIR_PATH}/Podfile.lock",
				"${PODS_ROOT}/Manifest.lock",
			);
			name = "[CP] Check Pods Manifest.lock";
			outputFileListPaths = (
			);
			outputPaths = (
				"$(DERIVED_FILE_DIR)/Pods-FinalProjectAnhPham-checkManifestLockResult.txt",
			);
			runOnlyForDeploymentPostprocessing = 0;
			shellPath = /bin/sh;
			shellScript = "diff \"${PODS_PODFILE_DIR_PATH}/Podfile.lock\" \"${PODS_ROOT}/Manifest.lock\" > /dev/null\nif [ $? != 0 ] ; then\n    # print error to STDERR\n    echo \"error: The sandbox is not in sync with the Podfile.lock. Run 'pod install' or update your CocoaPods installation.\" >&2\n    exit 1\nfi\n# This output is used by Xcode 'outputs' to avoid re-running this script phase.\necho \"SUCCESS\" > \"${SCRIPT_OUTPUT_FILE_0}\"\n";
			showEnvVarsInLog = 0;
		};
		E26C8B07A1EEBC32B8618754 /* [CP] Embed Pods Frameworks */ = {
			isa = PBXShellScriptBuildPhase;
			buildActionMask = 2147483647;
			files = (
			);
			inputFileListPaths = (
				"${PODS_ROOT}/Target Support Files/Pods-FinalProjectAnhPham/Pods-FinalProjectAnhPham-frameworks-${CONFIGURATION}-input-files.xcfilelist",
			);
			name = "[CP] Embed Pods Frameworks";
			outputFileListPaths = (
				"${PODS_ROOT}/Target Support Files/Pods-FinalProjectAnhPham/Pods-FinalProjectAnhPham-frameworks-${CONFIGURATION}-output-files.xcfilelist",
			);
			runOnlyForDeploymentPostprocessing = 0;
			shellPath = /bin/sh;
			shellScript = "\"${PODS_ROOT}/Target Support Files/Pods-FinalProjectAnhPham/Pods-FinalProjectAnhPham-frameworks.sh\"\n";
			showEnvVarsInLog = 0;
		};
/* End PBXShellScriptBuildPhase section */

/* Begin PBXSourcesBuildPhase section */
		0EBD7A5524AAD28900282779 /* Sources */ = {
			isa = PBXSourcesBuildPhase;
			buildActionMask = 2147483647;
			files = (
				F279230424AC73FE0092C0DE /* BaseViewController.swift in Sources */,
				F2C4E13F24B0258400B00814 /* SideMenuCellViewModel.swift in Sources */,
				F2A4FA3924C570A0007AE8F1 /* OtherDrinkCollectionCellViewModel.swift in Sources */,
				F281B07324AC2B20003FEBD1 /* DataExt.swift in Sources */,
				F281B06C24AB5637003FEBD1 /* DrinkCellViewModel.swift in Sources */,
				F29A584924BF1E050032BE48 /* FavoriteCellViewModel.swift in Sources */,
				F2A4FA3B24C570DC007AE8F1 /* OtherDrinkViewModel.swift in Sources */,
				F29A584F24C009CD0032BE48 /* SearchViewModel.swift in Sources */,
				F281B06024AB4D35003FEBD1 /* TagCollectionViewCell.swift in Sources */,
				F284148324C15EE5007B790D /* InstructionViewModel.swift in Sources */,
				0EBD7A5D24AAD28900282779 /* AppDelegate.swift in Sources */,
				F281B04024AB1710003FEBD1 /* HomeViewModel.swift in Sources */,
				F2C4E14224B02D0500B00814 /* SideMenuCell.swift in Sources */,
				F29A584424BF1D200032BE48 /* FavoriteCell.swift in Sources */,
				F29A585324C011520032BE48 /* SearchCell.swift in Sources */,
				F2C4E13D24B0250100B00814 /* SideMenuViewModel.swift in Sources */,
				F281B06824AB558D003FEBD1 /* TagGroup.swift in Sources */,
				F279230724ADBD570092C0DE /* Router.swift in Sources */,
				F263805124B3278200895D0A /* SearchViewController.swift in Sources */,
				0EBD7A5F24AAD28900282779 /* SceneDelegate.swift in Sources */,
				F2F3286724AED61200B8D048 /* SideMenuViewController.swift in Sources */,
				F27345B024BBFF7700C2B198 /* FavoriteViewModel.swift in Sources */,
				F29A585624C011660032BE48 /* SearchCellViewModel.swift in Sources */,
				F284148824C15EE5007B790D /* DetailDrinkViewController.swift in Sources */,
				F281B03A24AAFE78003FEBD1 /* DrinkTableViewCell.swift in Sources */,
				F281B06A24AB55C1003FEBD1 /* TagCellViewModel.swift in Sources */,
				F284148524C15EE5007B790D /* MaterialViewModel.swift in Sources */,
				F284148424C15EE5007B790D /* MaterialCell.swift in Sources */,
				F2322DBC24C1B6060045F484 /* OtherDrinkCell.swift in Sources */,
				F281B06524AB54AD003FEBD1 /* DrinkCollectionViewCell.swift in Sources */,
				F281B03E24AB16DA003FEBD1 /* Drink.swift in Sources */,
				F263960D24AAE1E300C70BF0 /* HomeViewController.swift in Sources */,
				F284148124C15EE5007B790D /* DetailDrinkViewModel.swift in Sources */,
				F2C4E14524B0625B00B00814 /* UIImageViewExt.swift in Sources */,
				F2A4FA3224C55316007AE8F1 /* InstructionCell.swift in Sources */,
				F263805524B3279000895D0A /* FavoriteViewController.swift in Sources */,
				F281B07524AC31C2003FEBD1 /* Networking.swift in Sources */,
				F2A4FA3624C57089007AE8F1 /* OtherDrinkCollectionCell.swift in Sources */,
			);
			runOnlyForDeploymentPostprocessing = 0;
		};
/* End PBXSourcesBuildPhase section */

/* Begin XCBuildConfiguration section */
		0EBD7A6B24AAD28F00282779 /* Debug */ = {
			isa = XCBuildConfiguration;
			buildSettings = {
				ALWAYS_SEARCH_USER_PATHS = NO;
				CLANG_ANALYZER_NONNULL = YES;
				CLANG_ANALYZER_NUMBER_OBJECT_CONVERSION = YES_AGGRESSIVE;
				CLANG_CXX_LANGUAGE_STANDARD = "gnu++14";
				CLANG_CXX_LIBRARY = "libc++";
				CLANG_ENABLE_MODULES = YES;
				CLANG_ENABLE_OBJC_ARC = YES;
				CLANG_ENABLE_OBJC_WEAK = YES;
				CLANG_WARN_BLOCK_CAPTURE_AUTORELEASING = YES;
				CLANG_WARN_BOOL_CONVERSION = YES;
				CLANG_WARN_COMMA = YES;
				CLANG_WARN_CONSTANT_CONVERSION = YES;
				CLANG_WARN_DEPRECATED_OBJC_IMPLEMENTATIONS = YES;
				CLANG_WARN_DIRECT_OBJC_ISA_USAGE = YES_ERROR;
				CLANG_WARN_DOCUMENTATION_COMMENTS = YES;
				CLANG_WARN_EMPTY_BODY = YES;
				CLANG_WARN_ENUM_CONVERSION = YES;
				CLANG_WARN_INFINITE_RECURSION = YES;
				CLANG_WARN_INT_CONVERSION = YES;
				CLANG_WARN_NON_LITERAL_NULL_CONVERSION = YES;
				CLANG_WARN_OBJC_IMPLICIT_RETAIN_SELF = YES;
				CLANG_WARN_OBJC_LITERAL_CONVERSION = YES;
				CLANG_WARN_OBJC_ROOT_CLASS = YES_ERROR;
				CLANG_WARN_RANGE_LOOP_ANALYSIS = YES;
				CLANG_WARN_STRICT_PROTOTYPES = YES;
				CLANG_WARN_SUSPICIOUS_MOVE = YES;
				CLANG_WARN_UNGUARDED_AVAILABILITY = YES_AGGRESSIVE;
				CLANG_WARN_UNREACHABLE_CODE = YES;
				CLANG_WARN__DUPLICATE_METHOD_MATCH = YES;
				COPY_PHASE_STRIP = NO;
				DEBUG_INFORMATION_FORMAT = dwarf;
				ENABLE_STRICT_OBJC_MSGSEND = YES;
				ENABLE_TESTABILITY = YES;
				GCC_C_LANGUAGE_STANDARD = gnu11;
				GCC_DYNAMIC_NO_PIC = NO;
				GCC_NO_COMMON_BLOCKS = YES;
				GCC_OPTIMIZATION_LEVEL = 0;
				GCC_PREPROCESSOR_DEFINITIONS = (
					"DEBUG=1",
					"$(inherited)",
				);
				GCC_WARN_64_TO_32_BIT_CONVERSION = YES;
				GCC_WARN_ABOUT_RETURN_TYPE = YES_ERROR;
				GCC_WARN_UNDECLARED_SELECTOR = YES;
				GCC_WARN_UNINITIALIZED_AUTOS = YES_AGGRESSIVE;
				GCC_WARN_UNUSED_FUNCTION = YES;
				GCC_WARN_UNUSED_VARIABLE = YES;
				IPHONEOS_DEPLOYMENT_TARGET = 13.0;
				MTL_ENABLE_DEBUG_INFO = INCLUDE_SOURCE;
				MTL_FAST_MATH = YES;
				ONLY_ACTIVE_ARCH = YES;
				SDKROOT = iphoneos;
				SWIFT_ACTIVE_COMPILATION_CONDITIONS = DEBUG;
				SWIFT_OPTIMIZATION_LEVEL = "-Onone";
			};
			name = Debug;
		};
		0EBD7A6C24AAD28F00282779 /* Release */ = {
			isa = XCBuildConfiguration;
			buildSettings = {
				ALWAYS_SEARCH_USER_PATHS = NO;
				CLANG_ANALYZER_NONNULL = YES;
				CLANG_ANALYZER_NUMBER_OBJECT_CONVERSION = YES_AGGRESSIVE;
				CLANG_CXX_LANGUAGE_STANDARD = "gnu++14";
				CLANG_CXX_LIBRARY = "libc++";
				CLANG_ENABLE_MODULES = YES;
				CLANG_ENABLE_OBJC_ARC = YES;
				CLANG_ENABLE_OBJC_WEAK = YES;
				CLANG_WARN_BLOCK_CAPTURE_AUTORELEASING = YES;
				CLANG_WARN_BOOL_CONVERSION = YES;
				CLANG_WARN_COMMA = YES;
				CLANG_WARN_CONSTANT_CONVERSION = YES;
				CLANG_WARN_DEPRECATED_OBJC_IMPLEMENTATIONS = YES;
				CLANG_WARN_DIRECT_OBJC_ISA_USAGE = YES_ERROR;
				CLANG_WARN_DOCUMENTATION_COMMENTS = YES;
				CLANG_WARN_EMPTY_BODY = YES;
				CLANG_WARN_ENUM_CONVERSION = YES;
				CLANG_WARN_INFINITE_RECURSION = YES;
				CLANG_WARN_INT_CONVERSION = YES;
				CLANG_WARN_NON_LITERAL_NULL_CONVERSION = YES;
				CLANG_WARN_OBJC_IMPLICIT_RETAIN_SELF = YES;
				CLANG_WARN_OBJC_LITERAL_CONVERSION = YES;
				CLANG_WARN_OBJC_ROOT_CLASS = YES_ERROR;
				CLANG_WARN_RANGE_LOOP_ANALYSIS = YES;
				CLANG_WARN_STRICT_PROTOTYPES = YES;
				CLANG_WARN_SUSPICIOUS_MOVE = YES;
				CLANG_WARN_UNGUARDED_AVAILABILITY = YES_AGGRESSIVE;
				CLANG_WARN_UNREACHABLE_CODE = YES;
				CLANG_WARN__DUPLICATE_METHOD_MATCH = YES;
				COPY_PHASE_STRIP = NO;
				DEBUG_INFORMATION_FORMAT = "dwarf-with-dsym";
				ENABLE_NS_ASSERTIONS = NO;
				ENABLE_STRICT_OBJC_MSGSEND = YES;
				GCC_C_LANGUAGE_STANDARD = gnu11;
				GCC_NO_COMMON_BLOCKS = YES;
				GCC_WARN_64_TO_32_BIT_CONVERSION = YES;
				GCC_WARN_ABOUT_RETURN_TYPE = YES_ERROR;
				GCC_WARN_UNDECLARED_SELECTOR = YES;
				GCC_WARN_UNINITIALIZED_AUTOS = YES_AGGRESSIVE;
				GCC_WARN_UNUSED_FUNCTION = YES;
				GCC_WARN_UNUSED_VARIABLE = YES;
				IPHONEOS_DEPLOYMENT_TARGET = 13.0;
				MTL_ENABLE_DEBUG_INFO = NO;
				MTL_FAST_MATH = YES;
				SDKROOT = iphoneos;
				SWIFT_COMPILATION_MODE = wholemodule;
				SWIFT_OPTIMIZATION_LEVEL = "-O";
				VALIDATE_PRODUCT = YES;
			};
			name = Release;
		};
		0EBD7A6E24AAD28F00282779 /* Debug */ = {
			isa = XCBuildConfiguration;
			baseConfigurationReference = DDF28AC0A604F99D3BB80446 /* Pods-FinalProjectAnhPham.debug.xcconfig */;
			buildSettings = {
				ASSETCATALOG_COMPILER_APPICON_NAME = AppIcon;
				CODE_SIGN_STYLE = Automatic;
				INFOPLIST_FILE = FinalProjectAnhPham/Info.plist;
				IPHONEOS_DEPLOYMENT_TARGET = 13.0;
				LD_RUNPATH_SEARCH_PATHS = (
					"$(inherited)",
					"@executable_path/Frameworks",
				);
				PRODUCT_BUNDLE_IDENTIFIER = vn.asiantech.FinalProjectAnhPham;
				PRODUCT_NAME = "$(TARGET_NAME)";
				SWIFT_VERSION = 5.0;
				TARGETED_DEVICE_FAMILY = "1,2";
			};
			name = Debug;
		};
		0EBD7A6F24AAD28F00282779 /* Release */ = {
			isa = XCBuildConfiguration;
			baseConfigurationReference = 73443E3DFCEE58258550AB65 /* Pods-FinalProjectAnhPham.release.xcconfig */;
			buildSettings = {
				ASSETCATALOG_COMPILER_APPICON_NAME = AppIcon;
				CODE_SIGN_STYLE = Automatic;
				INFOPLIST_FILE = FinalProjectAnhPham/Info.plist;
				IPHONEOS_DEPLOYMENT_TARGET = 13.0;
				LD_RUNPATH_SEARCH_PATHS = (
					"$(inherited)",
					"@executable_path/Frameworks",
				);
				PRODUCT_BUNDLE_IDENTIFIER = vn.asiantech.FinalProjectAnhPham;
				PRODUCT_NAME = "$(TARGET_NAME)";
				SWIFT_VERSION = 5.0;
				TARGETED_DEVICE_FAMILY = "1,2";
			};
			name = Release;
		};
/* End XCBuildConfiguration section */

/* Begin XCConfigurationList section */
		0EBD7A5424AAD28900282779 /* Build configuration list for PBXProject "FinalProjectAnhPham" */ = {
			isa = XCConfigurationList;
			buildConfigurations = (
				0EBD7A6B24AAD28F00282779 /* Debug */,
				0EBD7A6C24AAD28F00282779 /* Release */,
			);
			defaultConfigurationIsVisible = 0;
			defaultConfigurationName = Release;
		};
		0EBD7A6D24AAD28F00282779 /* Build configuration list for PBXNativeTarget "FinalProjectAnhPham" */ = {
			isa = XCConfigurationList;
			buildConfigurations = (
				0EBD7A6E24AAD28F00282779 /* Debug */,
				0EBD7A6F24AAD28F00282779 /* Release */,
			);
			defaultConfigurationIsVisible = 0;
			defaultConfigurationName = Release;
		};
/* End XCConfigurationList section */
	};
	rootObject = 0EBD7A5124AAD28900282779 /* Project object */;
}
